github.com/davecgh/go-spew v1.1.0/go.mod h1:J7Y8YcW2NihsgmVo/mv3lAwl/skON4iLHjSsI+c5H38=
github.com/davecgh/go-spew v1.1.1 h1:vj9j/u1bqnvCEfJOwUhtlOARqs3+rkHYY13jYWTU97c=
github.com/davecgh/go-spew v1.1.1/go.mod h1:J7Y8YcW2NihsgmVo/mv3lAwl/skON4iLHjSsI+c5H38=
github.com/google/uuid v1.3.1 h1:KjJaJ9iWZ3jOFZIf1Lqf4laDRCasjl0BCmnEGxkdLb4=
github.com/google/uuid v1.3.1/go.mod h1:TIyPZe4MgqvfeYDBFedMoGGpEw/LqOeaOT+nhxU+yHo=
github.com/pmezard/go-difflib v1.0.0 h1:4DBwDE0NGyQoBHbLQYPwSUPoCMWR5BEzIk/f1lZbAQM=
github.com/pmezard/go-difflib v1.0.0/go.mod h1:iKH77koFhYxTK1pcRnkKkqfTogsbg7gZNVY4sRDYZ/4=
github.com/stretchr/objx v0.1.0/go.mod h1:HFkY916IF+rwdDfMAkV7OtwuqBVzrE8GR6GFx+wExME=
github.com/stretchr/testify v1.4.0/go.mod h1:j7eGeouHqKxXV5pUuKE4zz7dFj8WfuZ+81PSLYec5m4=
github.com/stretchr/testify v1.8.4 h1:CcVxjf3Q8PM0mHUKJCdn+eZZtm5yQwehR5yeSVQQcUk=
github.com/stretchr/testify v1.8.4/go.mod h1:sz/lmYIOXD/1dqDmKjjqLyZ2RngseejIcXlSw2iwfAo=
github.com/thoas/go-funk v0.9.3 h1:7+nAEx3kn5ZJcnDm2Bh23N2yOtweO14bi//dvRtgLpw=
github.com/thoas/go-funk v0.9.3/go.mod h1:+IWnUfUmFO1+WVYQWQtIJHeRRdaIyyYglZN7xzUPe4Q=
github.com/weedbox/pokerface v0.0.12 h1:3e8wWw680UZL8zPS/p0mQvgxyNiGzLaXHBwItxdDOpA=
github.com/weedbox/pokerface v0.0.12/go.mod h1:crCafi1KcY6+jRb6sVkB8mF1fSuVri8tYOSEIdDDcr4=
github.com/weedbox/pokerface v0.0.13 h1:NcoRmVEbKeWBfPcjT67xy5DFecYRE0CXk7byK9fNSyg=
github.com/weedbox/pokerface v0.0.13/go.mod h1:crCafi1KcY6+jRb6sVkB8mF1fSuVri8tYOSEIdDDcr4=
github.com/weedbox/pokerface v0.0.14 h1:/e2v6/GvvZTHyqBvNMng6FeoNG/hnE46o9ibKTlE5h8=
github.com/weedbox/pokerface v0.0.14/go.mod h1:crCafi1KcY6+jRb6sVkB8mF1fSuVri8tYOSEIdDDcr4=
github.com/weedbox/pokerface v0.0.15 h1:BIxIm4eH5o4iT8k7DrKueEIuE8hWzOfZOsWyc0YPtcM=
github.com/weedbox/pokerface v0.0.15/go.mod h1:crCafi1KcY6+jRb6sVkB8mF1fSuVri8tYOSEIdDDcr4=
github.com/weedbox/pokerface v0.0.16 h1:80iiZNaAW8pspHU48yjVemwkzPgyEdli2tGWtBWim4w=
github.com/weedbox/pokerface v0.0.16/go.mod h1:crCafi1KcY6+jRb6sVkB8mF1fSuVri8tYOSEIdDDcr4=
github.com/weedbox/pokerface v0.0.17 h1:mnHnMRbcO9Bg0bdfx2ySIz/8BFQR5YrraPV2Kgdfht4=
github.com/weedbox/pokerface v0.0.17/go.mod h1:crCafi1KcY6+jRb6sVkB8mF1fSuVri8tYOSEIdDDcr4=
github.com/weedbox/pokerface v0.0.18 h1:c5RFLjbzzOL6KBrkf3afuRYCFyfp3MYvTIimBo2I5n4=
github.com/weedbox/pokerface v0.0.18/go.mod h1:crCafi1KcY6+jRb6sVkB8mF1fSuVri8tYOSEIdDDcr4=
github.com/weedbox/pokerface v0.1.1 h1:PDYSKw2MUwdyz3Y9d5vLMc+2K8QP1lHi7dXODC9qwNI=
github.com/weedbox/pokerface v0.1.1/go.mod h1:crCafi1KcY6+jRb6sVkB8mF1fSuVri8tYOSEIdDDcr4=
github.com/weedbox/pokerface v0.1.2 h1:D1aF3T1TVAJvtua2As6qvT6ODHyhnYxYniBn+yAPeJo=
github.com/weedbox/pokerface v0.1.2/go.mod h1:crCafi1KcY6+jRb6sVkB8mF1fSuVri8tYOSEIdDDcr4=
github.com/weedbox/pokerface v0.1.3 h1:Tk5H5bXGYhNm1gDKkHWKLuE3x/DbcgkOQZsonU9p4hQ=
github.com/weedbox/pokerface v0.1.3/go.mod h1:crCafi1KcY6+jRb6sVkB8mF1fSuVri8tYOSEIdDDcr4=
github.com/weedbox/pokerface v0.1.4 h1:Cd29v342Ven8mt2UkIOZd+Yp7L8qmpanjKhjLsJX9gY=
github.com/weedbox/pokerface v0.1.4/go.mod h1:crCafi1KcY6+jRb6sVkB8mF1fSuVri8tYOSEIdDDcr4=
github.com/weedbox/pokerface v0.1.5 h1:BgF6ZT2sEwn57EPjLSUt14l4x8fx5yiZfFhICY+Mn90=
github.com/weedbox/pokerface v0.1.5/go.mod h1:crCafi1KcY6+jRb6sVkB8mF1fSuVri8tYOSEIdDDcr4=
github.com/weedbox/pokerface v0.1.6 h1:CY9V7kkGscca+ylKhs0VYJfHN4qpM8unFW8juuFJFzA=
github.com/weedbox/pokerface v0.1.6/go.mod h1:crCafi1KcY6+jRb6sVkB8mF1fSuVri8tYOSEIdDDcr4=
github.com/weedbox/pokerface v0.1.7 h1:szi+9PBqoqQtdsZIthgCr/pw3wj60JhLfOHpFJSbdCM=
github.com/weedbox/pokerface v0.1.7/go.mod h1:crCafi1KcY6+jRb6sVkB8mF1fSuVri8tYOSEIdDDcr4=
github.com/weedbox/pokerface v0.1.8 h1:5rJNIVqHplgis3HdDyq0RFTlI60XZqhidW8IwCjZofo=
github.com/weedbox/pokerface v0.1.8/go.mod h1:crCafi1KcY6+jRb6sVkB8mF1fSuVri8tYOSEIdDDcr4=
github.com/weedbox/syncsaga v0.0.0-20230821071725-a634f0872340 h1:ZHzlfkN/XnOIADtOxGUPbyislvjx0KjtTwCVuKEF1hw=
github.com/weedbox/syncsaga v0.0.0-20230821071725-a634f0872340/go.mod h1:1k6tuqJhfosy4htz/8WTL17Hn4W1BJD4R+Lp/08EOPI=
github.com/weedbox/timebank v0.0.0-20230713013837-bd7a6f808e3e h1:3v7juh57KHXyYVjfsE6gYn6tzgLBTQcDgg1A7fqNGC0=
github.com/weedbox/timebank v0.0.0-20230713013837-bd7a6f808e3e/go.mod h1:7ZB83P7QCjvRQm4DsMFVIRxEeXaiH75BRMzI5SMBH6Y=
gopkg.in/check.v1 v0.0.0-20161208181325-20d25e280405 h1:yhCVgyC4o1eVCa2tZl7eS0r+SDo693bJlVdllGtEeKM=
gopkg.in/check.v1 v0.0.0-20161208181325-20d25e280405/go.mod h1:Co6ibVJAznAaIkqp8huTwlJQCZ016jof/cbN4VW5Yz0=
gopkg.in/yaml.v2 v2.2.2/go.mod h1:hI93XBmqTisBFMUTm0b8Fm+jr3Dg1NNxqwp+5A1VGuI=
gopkg.in/yaml.v3 v3.0.1 h1:fxVm/GzAzEWqLHuvctI91KS9hhNmmWOoWu0XTYJS7CA=
gopkg.in/yaml.v3 v3.0.1/go.mod h1:K4uyk7z7BCEPqu6E+C64Yfv1cQ7kz7rIZviUmN+EgEM=
